
Microsoft Visual Studio Solution File, Format Version 12.00
# Visual Studio Version 16
VisualStudioVersion = 16.0.30330.147
MinimumVisualStudioVersion = 10.0.40219.1
Project("{FAE04EC0-301F-11D3-BF4B-00C04F79EFBC}") = "RubricaWeb", "RubricaWeb\RubricaWeb.csproj", "{8BBC90E7-53AA-44C4-8F3E-E2EA6864BBC8}"
EndProject
Global
	GlobalSection(SolutionConfigurationPlatforms) = preSolution
		Debug|Any CPU = Debug|Any CPU
		Release|Any CPU = Release|Any CPU
	EndGlobalSection
	GlobalSection(ProjectConfigurationPlatforms) = postSolution
		{8BBC90E7-53AA-44C4-8F3E-E2EA6864BBC8}.Debug|Any CPU.ActiveCfg = Debug|Any CPU
		{8BBC90E7-53AA-44C4-8F3E-E2EA6864BBC8}.Debug|Any CPU.Build.0 = Debug|Any CPU
		{8BBC90E7-53AA-44C4-8F3E-E2EA6864BBC8}.Release|Any CPU.ActiveCfg = Release|Any CPU
		{8BBC90E7-53AA-44C4-8F3E-E2EA6864BBC8}.Release|Any CPU.Build.0 = Release|Any CPU
	EndGlobalSection
	GlobalSection(SolutionProperties) = preSolution
		HideSolutionNode = FALSE
	EndGlobalSection
	GlobalSection(ExtensibilityGlobals) = postSolution
		SolutionGuid = {76C466B1-9C96-4B92-B77F-63D33B49C628}
	EndGlobalSection
EndGlobal
